{
    "hash": "aed0408edb1b96489905fd9963862209",
    "packages": [
        {
            "package": "symfony/finder",
            "version": "dev-master",
            "source-reference": "9ee9a907afeef52956187e862714a7702ca26590"
        },
        {
            "package": "symfony/http-foundation",
            "version": "dev-master",
            "source-reference": "68bd51cef7cdba65948fbbfd7d9b26b14cc5c620"
        }
    ],
    "packages-dev": null,
    "aliases": [

    ],
    "minimum-stability": "dev",
    "stability-flags": {
        "symfony/http-foundation": 20,
        "symfony/finder": 20
    }
}
